
Microsoft Visual Studio Solution File, Format Version 12.00
# Visual Studio Version 17
VisualStudioVersion = 17.3.32929.385
MinimumVisualStudioVersion = 10.0.40219.1
Project("{FAE04EC0-301F-11D3-BF4B-00C04F79EFBC}") = "Convertables", "Convertables\Convertables.csproj", "{CAFF59FB-EE45-4703-9F81-39FE5AB34019}"
EndProject
Project("{FAE04EC0-301F-11D3-BF4B-00C04F79EFBC}") = "Represent", "Represent\Represent.csproj", "{B9EC4866-EA8C-4B19-97D1-E93B2D1629CC}"
EndProject
Global
	GlobalSection(SolutionConfigurationPlatforms) = preSolution
		Debug|Any CPU = Debug|Any CPU
		Release|Any CPU = Release|Any CPU
	EndGlobalSection
	GlobalSection(ProjectConfigurationPlatforms) = postSolution
		{CAFF59FB-EE45-4703-9F81-39FE5AB34019}.Debug|Any CPU.ActiveCfg = Debug|Any CPU
		{CAFF59FB-EE45-4703-9F81-39FE5AB34019}.Debug|Any CPU.Build.0 = Debug|Any CPU
		{CAFF59FB-EE45-4703-9F81-39FE5AB34019}.Release|Any CPU.ActiveCfg = Release|Any CPU
		{CAFF59FB-EE45-4703-9F81-39FE5AB34019}.Release|Any CPU.Build.0 = Release|Any CPU
		{B9EC4866-EA8C-4B19-97D1-E93B2D1629CC}.Debug|Any CPU.ActiveCfg = Debug|Any CPU
		{B9EC4866-EA8C-4B19-97D1-E93B2D1629CC}.Debug|Any CPU.Build.0 = Debug|Any CPU
		{B9EC4866-EA8C-4B19-97D1-E93B2D1629CC}.Release|Any CPU.ActiveCfg = Release|Any CPU
		{B9EC4866-EA8C-4B19-97D1-E93B2D1629CC}.Release|Any CPU.Build.0 = Release|Any CPU
	EndGlobalSection
	GlobalSection(SolutionProperties) = preSolution
		HideSolutionNode = FALSE
	EndGlobalSection
	GlobalSection(ExtensibilityGlobals) = postSolution
		SolutionGuid = {D3753A11-1F34-4B2E-9AFA-8006F927DAED}
	EndGlobalSection
EndGlobal
